
Microsoft Visual Studio Solution File, Format Version 12.00
# Visual Studio Version 16
VisualStudioVersion = 16.0.30621.155
MinimumVisualStudioVersion = 10.0.40219.1
Project("{FAE04EC0-301F-11D3-BF4B-00C04F79EFBC}") = "MoyasimonClicker", "RP3_dz2\MoyasimonClicker.csproj", "{7C4D7C15-20AE-498F-8000-676DB2A68642}"
EndProject
Global
	GlobalSection(SolutionConfigurationPlatforms) = preSolution
		Debug|Any CPU = Debug|Any CPU
		Release|Any CPU = Release|Any CPU
	EndGlobalSection
	GlobalSection(ProjectConfigurationPlatforms) = postSolution
		{7C4D7C15-20AE-498F-8000-676DB2A68642}.Debug|Any CPU.ActiveCfg = Debug|Any CPU
		{7C4D7C15-20AE-498F-8000-676DB2A68642}.Debug|Any CPU.Build.0 = Debug|Any CPU
		{7C4D7C15-20AE-498F-8000-676DB2A68642}.Release|Any CPU.ActiveCfg = Release|Any CPU
		{7C4D7C15-20AE-498F-8000-676DB2A68642}.Release|Any CPU.Build.0 = Release|Any CPU
	EndGlobalSection
	GlobalSection(SolutionProperties) = preSolution
		HideSolutionNode = FALSE
	EndGlobalSection
	GlobalSection(ExtensibilityGlobals) = postSolution
		SolutionGuid = {CAEE7F62-4935-4276-AD62-B65114DEE2C6}
	EndGlobalSection
EndGlobal
